Microsoft Visual Studio Solution File, Format Version 12.00
# Visual Studio 14
VisualStudioVersion = 14.0.23107.0
MinimumVisualStudioVersion = 10.0.40219.1
Project("{E24C65DC-7377-472B-9ABA-BC803B73C61A}") = "data", "data\", "{B73C23DE-58A9-40DE-A01B-1C392F1CC6FD}"
	ProjectSection(WebsiteProperties) = preProject
		TargetFrameworkMoniker = ".NETFramework,Version%3Dv4.0"
		Debug.AspNetCompiler.VirtualPath = "/localhost_58063"
		Debug.AspNetCompiler.PhysicalPath = "data\"
		Debug.AspNetCompiler.TargetPath = "PrecompiledWeb\localhost_58063\"
		Debug.AspNetCompiler.Updateable = "true"
		Debug.AspNetCompiler.ForceOverwrite = "true"
		Debug.AspNetCompiler.FixedNames = "false"
		Debug.AspNetCompiler.Debug = "True"
		Release.AspNetCompiler.VirtualPath = "/localhost_58063"
		Release.AspNetCompiler.PhysicalPath = "data\"
		Release.AspNetCompiler.TargetPath = "PrecompiledWeb\localhost_58063\"
		Release.AspNetCompiler.Updateable = "true"
		Release.AspNetCompiler.ForceOverwrite = "true"
		Release.AspNetCompiler.FixedNames = "false"
		Release.AspNetCompiler.Debug = "False"
		VWDPort = "58063"
	EndProjectSection
EndProject
Project("{E24C65DC-7377-472B-9ABA-BC803B73C61A}") = "lib", "lib\", "{2D5ACAC1-4012-427B-B923-F74D59938225}"
	ProjectSection(WebsiteProperties) = preProject
		TargetFrameworkMoniker = ".NETFramework,Version%3Dv4.0"
		Debug.AspNetCompiler.VirtualPath = "/localhost_58073"
		Debug.AspNetCompiler.PhysicalPath = "lib\"
		Debug.AspNetCompiler.TargetPath = "PrecompiledWeb\localhost_58073\"
		Debug.AspNetCompiler.Updateable = "true"
		Debug.AspNetCompiler.ForceOverwrite = "true"
		Debug.AspNetCompiler.FixedNames = "false"
		Debug.AspNetCompiler.Debug = "True"
		Release.AspNetCompiler.VirtualPath = "/localhost_58073"
		Release.AspNetCompiler.PhysicalPath = "lib\"
		Release.AspNetCompiler.TargetPath = "PrecompiledWeb\localhost_58073\"
		Release.AspNetCompiler.Updateable = "true"
		Release.AspNetCompiler.ForceOverwrite = "true"
		Release.AspNetCompiler.FixedNames = "false"
		Release.AspNetCompiler.Debug = "False"
		VWDPort = "58073"
	EndProjectSection
EndProject
Project("{2150E333-8FDC-42A3-9474-1A3956D46DE8}") = "Solution Items", "Solution Items", "{1165AB1F-BB6E-496B-A149-853693054AFA}"
	ProjectSection(SolutionItems) = preProject
		.gitignore = .gitignore
		manifest.json = manifest.json
		package.json = package.json
		README.md = README.md
		UPnP Info.txt = UPnP Info.txt
	EndProjectSection
EndProject
Global
	GlobalSection(SolutionConfigurationPlatforms) = preSolution
		Debug|Any CPU = Debug|Any CPU
	EndGlobalSection
	GlobalSection(ProjectConfigurationPlatforms) = postSolution
		{B73C23DE-58A9-40DE-A01B-1C392F1CC6FD}.Debug|Any CPU.ActiveCfg = Debug|Any CPU
		{B73C23DE-58A9-40DE-A01B-1C392F1CC6FD}.Debug|Any CPU.Build.0 = Debug|Any CPU
		{2D5ACAC1-4012-427B-B923-F74D59938225}.Debug|Any CPU.ActiveCfg = Debug|Any CPU
		{2D5ACAC1-4012-427B-B923-F74D59938225}.Debug|Any CPU.Build.0 = Debug|Any CPU
	EndGlobalSection
	GlobalSection(SolutionProperties) = preSolution
		HideSolutionNode = FALSE
	EndGlobalSection
EndGlobal
